
Microsoft Visual Studio Solution File, Format Version 12.00
# Visual Studio Version 17
VisualStudioVersion = 17.8.34309.116
MinimumVisualStudioVersion = 10.0.40219.1
Project("{FAE04EC0-301F-11D3-BF4B-00C04F79EFBC}") = "ProductWebApi", "LibraryWebApi.csproj", "{DC717448-263E-48B8-B65D-A1DF4A239FA5}"
EndProject
Global
	GlobalSection(SolutionConfigurationPlatforms) = preSolution
		Debug|Any CPU = Debug|Any CPU
		Release|Any CPU = Release|Any CPU
	EndGlobalSection
	GlobalSection(ProjectConfigurationPlatforms) = postSolution
		{DC717448-263E-48B8-B65D-A1DF4A239FA5}.Debug|Any CPU.ActiveCfg = Debug|Any CPU
		{DC717448-263E-48B8-B65D-A1DF4A239FA5}.Debug|Any CPU.Build.0 = Debug|Any CPU
		{DC717448-263E-48B8-B65D-A1DF4A239FA5}.Release|Any CPU.ActiveCfg = Release|Any CPU
		{DC717448-263E-48B8-B65D-A1DF4A239FA5}.Release|Any CPU.Build.0 = Release|Any CPU
	EndGlobalSection
	GlobalSection(SolutionProperties) = preSolution
		HideSolutionNode = FALSE
	EndGlobalSection
	GlobalSection(ExtensibilityGlobals) = postSolution
		SolutionGuid = {FDA5CA6E-7BF9-41F6-B60F-04C0FC0DBEB9}
	EndGlobalSection
EndGlobal
